// !$*UTF8*$!
{
	archiveVersion = 1;
	classes = {
	};
	objectVersion = 77;
	objects = {

/* Begin PBXBuildFile section */
		09C3D65B2D3087E3008C8377 /* WidgetKit.framework in Frameworks */ = {isa = PBXBuildFile; fileRef = 09C3D65A2D3087E3008C8377 /* WidgetKit.framework */; };
		09C3D65D2D3087E3008C8377 /* SwiftUI.framework in Frameworks */ = {isa = PBXBuildFile; fileRef = 09C3D65C2D3087E3008C8377 /* SwiftUI.framework */; };
		09C3D66C2D3087E9008C8377 /* WidgetSampleExtension.appex in Embed Foundation Extensions */ = {isa = PBXBuildFile; fileRef = 09C3D6582D3087E3008C8377 /* WidgetSampleExtension.appex */; settings = {ATTRIBUTES = (RemoveHeadersOnCopy, ); }; };
		09EEF2922D389EA1005CC4BE /* FirebaseAnalytics in Frameworks */ = {isa = PBXBuildFile; productRef = 09EEF2912D389EA1005CC4BE /* FirebaseAnalytics */; };
		09EEF2942D389EA1005CC4BE /* FirebaseAuth in Frameworks */ = {isa = PBXBuildFile; productRef = 09EEF2932D389EA1005CC4BE /* FirebaseAuth */; };
		09EEF2962D389EA1005CC4BE /* FirebaseDatabase in Frameworks */ = {isa = PBXBuildFile; productRef = 09EEF2952D389EA1005CC4BE /* FirebaseDatabase */; };
		09EEF2982D389EA1005CC4BE /* FirebaseFirestore in Frameworks */ = {isa = PBXBuildFile; productRef = 09EEF2972D389EA1005CC4BE /* FirebaseFirestore */; };
		09EEF29A2D389EA1005CC4BE /* FirebaseStorage in Frameworks */ = {isa = PBXBuildFile; productRef = 09EEF2992D389EA1005CC4BE /* FirebaseStorage */; };
/* End PBXBuildFile section */

/* Begin PBXContainerItemProxy section */
		096FFA1B2D00EEDE002DD067 /* PBXContainerItemProxy */ = {
			isa = PBXContainerItemProxy;
			containerPortal = 096FFA022D00EED6002DD067 /* Project object */;
			proxyType = 1;
			remoteGlobalIDString = 096FFA092D00EED6002DD067;
			remoteInfo = SwiftUIProject;
		};
		096FFA252D00EEDE002DD067 /* PBXContainerItemProxy */ = {
			isa = PBXContainerItemProxy;
			containerPortal = 096FFA022D00EED6002DD067 /* Project object */;
			proxyType = 1;
			remoteGlobalIDString = 096FFA092D00EED6002DD067;
			remoteInfo = SwiftUIProject;
		};
		09C3D66A2D3087E9008C8377 /* PBXContainerItemProxy */ = {
			isa = PBXContainerItemProxy;
			containerPortal = 096FFA022D00EED6002DD067 /* Project object */;
			proxyType = 1;
			remoteGlobalIDString = 09C3D6572D3087E3008C8377;
			remoteInfo = WidgetSampleExtension;
		};
/* End PBXContainerItemProxy section */

/* Begin PBXCopyFilesBuildPhase section */
		09C3D6712D3087E9008C8377 /* Embed Foundation Extensions */ = {
			isa = PBXCopyFilesBuildPhase;
			buildActionMask = 2147483647;
			dstPath = "";
			dstSubfolderSpec = 13;
			files = (
				09C3D66C2D3087E9008C8377 /* WidgetSampleExtension.appex in Embed Foundation Extensions */,
			);
			name = "Embed Foundation Extensions";
			runOnlyForDeploymentPostprocessing = 0;
		};
/* End PBXCopyFilesBuildPhase section */

/* Begin PBXFileReference section */
		096FFA0A2D00EED6002DD067 /* SwiftUIProject.app */ = {isa = PBXFileReference; explicitFileType = wrapper.application; includeInIndex = 0; path = SwiftUIProject.app; sourceTree = BUILT_PRODUCTS_DIR; };
		096FFA1A2D00EEDE002DD067 /* SwiftUIProjectTests.xctest */ = {isa = PBXFileReference; explicitFileType = wrapper.cfbundle; includeInIndex = 0; path = SwiftUIProjectTests.xctest; sourceTree = BUILT_PRODUCTS_DIR; };
		096FFA242D00EEDE002DD067 /* SwiftUIProjectUITests.xctest */ = {isa = PBXFileReference; explicitFileType = wrapper.cfbundle; includeInIndex = 0; path = SwiftUIProjectUITests.xctest; sourceTree = BUILT_PRODUCTS_DIR; };
		09C3D6582D3087E3008C8377 /* WidgetSampleExtension.appex */ = {isa = PBXFileReference; explicitFileType = "wrapper.app-extension"; includeInIndex = 0; path = WidgetSampleExtension.appex; sourceTree = BUILT_PRODUCTS_DIR; };
		09C3D65A2D3087E3008C8377 /* WidgetKit.framework */ = {isa = PBXFileReference; lastKnownFileType = wrapper.framework; name = WidgetKit.framework; path = System/Library/Frameworks/WidgetKit.framework; sourceTree = SDKROOT; };
		09C3D65C2D3087E3008C8377 /* SwiftUI.framework */ = {isa = PBXFileReference; lastKnownFileType = wrapper.framework; name = SwiftUI.framework; path = System/Library/Frameworks/SwiftUI.framework; sourceTree = SDKROOT; };
/* End PBXFileReference section */

/* Begin PBXFileSystemSynchronizedBuildFileExceptionSet section */
		09A5426B2D41873700162609 /* Exceptions for "SwiftUIProject" folder in "SwiftUIProject" target */ = {
			isa = PBXFileSystemSynchronizedBuildFileExceptionSet;
			membershipExceptions = (
				Info.plist,
			);
			target = 096FFA092D00EED6002DD067 /* SwiftUIProject */;
		};
		09C3D66D2D3087E9008C8377 /* Exceptions for "WidgetSample" folder in "WidgetSampleExtension" target */ = {
			isa = PBXFileSystemSynchronizedBuildFileExceptionSet;
			membershipExceptions = (
				Info.plist,
			);
			target = 09C3D6572D3087E3008C8377 /* WidgetSampleExtension */;
		};
/* End PBXFileSystemSynchronizedBuildFileExceptionSet section */

/* Begin PBXFileSystemSynchronizedRootGroup section */
		096FFA0C2D00EED6002DD067 /* SwiftUIProject */ = {
			isa = PBXFileSystemSynchronizedRootGroup;
			exceptions = (
				09A5426B2D41873700162609 /* Exceptions for "SwiftUIProject" folder in "SwiftUIProject" target */,
			);
			path = SwiftUIProject;
			sourceTree = "<group>";
		};
		096FFA1D2D00EEDE002DD067 /* SwiftUIProjectTests */ = {
			isa = PBXFileSystemSynchronizedRootGroup;
			path = SwiftUIProjectTests;
			sourceTree = "<group>";
		};
		096FFA272D00EEDE002DD067 /* SwiftUIProjectUITests */ = {
			isa = PBXFileSystemSynchronizedRootGroup;
			path = SwiftUIProjectUITests;
			sourceTree = "<group>";
		};
		09C3D65E2D3087E3008C8377 /* WidgetSample */ = {
			isa = PBXFileSystemSynchronizedRootGroup;
			exceptions = (
				09C3D66D2D3087E9008C8377 /* Exceptions for "WidgetSample" folder in "WidgetSampleExtension" target */,
			);
			path = WidgetSample;
			sourceTree = "<group>";
		};
/* End PBXFileSystemSynchronizedRootGroup section */

/* Begin PBXFrameworksBuildPhase section */
		096FFA072D00EED6002DD067 /* Frameworks */ = {
			isa = PBXFrameworksBuildPhase;
			buildActionMask = 2147483647;
			files = (
				09EEF2962D389EA1005CC4BE /* FirebaseDatabase in Frameworks */,
				09EEF2982D389EA1005CC4BE /* FirebaseFirestore in Frameworks */,
				09EEF2922D389EA1005CC4BE /* FirebaseAnalytics in Frameworks */,
				09EEF29A2D389EA1005CC4BE /* FirebaseStorage in Frameworks */,
				09EEF2942D389EA1005CC4BE /* FirebaseAuth in Frameworks */,
			);
			runOnlyForDeploymentPostprocessing = 0;
		};
		096FFA172D00EEDE002DD067 /* Frameworks */ = {
			isa = PBXFrameworksBuildPhase;
			buildActionMask = 2147483647;
			files = (
			);
			runOnlyForDeploymentPostprocessing = 0;
		};
		096FFA212D00EEDE002DD067 /* Frameworks */ = {
			isa = PBXFrameworksBuildPhase;
			buildActionMask = 2147483647;
			files = (
			);
			runOnlyForDeploymentPostprocessing = 0;
		};
		09C3D6552D3087E3008C8377 /* Frameworks */ = {
			isa = PBXFrameworksBuildPhase;
			buildActionMask = 2147483647;
			files = (
				09C3D65D2D3087E3008C8377 /* SwiftUI.framework in Frameworks */,
				09C3D65B2D3087E3008C8377 /* WidgetKit.framework in Frameworks */,
			);
			runOnlyForDeploymentPostprocessing = 0;
		};
/* End PBXFrameworksBuildPhase section */

/* Begin PBXGroup section */
		096FFA012D00EED6002DD067 = {
			isa = PBXGroup;
			children = (
				096FFA0C2D00EED6002DD067 /* SwiftUIProject */,
				096FFA1D2D00EEDE002DD067 /* SwiftUIProjectTests */,
				096FFA272D00EEDE002DD067 /* SwiftUIProjectUITests */,
				09C3D65E2D3087E3008C8377 /* WidgetSample */,
				09C3D6592D3087E3008C8377 /* Frameworks */,
				096FFA0B2D00EED6002DD067 /* Products */,
			);
			sourceTree = "<group>";
		};
		096FFA0B2D00EED6002DD067 /* Products */ = {
			isa = PBXGroup;
			children = (
				096FFA0A2D00EED6002DD067 /* SwiftUIProject.app */,
				096FFA1A2D00EEDE002DD067 /* SwiftUIProjectTests.xctest */,
				096FFA242D00EEDE002DD067 /* SwiftUIProjectUITests.xctest */,
				09C3D6582D3087E3008C8377 /* WidgetSampleExtension.appex */,
			);
			name = Products;
			sourceTree = "<group>";
		};
		09C3D6592D3087E3008C8377 /* Frameworks */ = {
			isa = PBXGroup;
			children = (
				09C3D65A2D3087E3008C8377 /* WidgetKit.framework */,
				09C3D65C2D3087E3008C8377 /* SwiftUI.framework */,
			);
			name = Frameworks;
			sourceTree = "<group>";
		};
/* End PBXGroup section */

/* Begin PBXNativeTarget section */
		096FFA092D00EED6002DD067 /* SwiftUIProject */ = {
			isa = PBXNativeTarget;
			buildConfigurationList = 096FFA2E2D00EEDE002DD067 /* Build configuration list for PBXNativeTarget "SwiftUIProject" */;
			buildPhases = (
				096FFA062D00EED6002DD067 /* Sources */,
				096FFA072D00EED6002DD067 /* Frameworks */,
				096FFA082D00EED6002DD067 /* Resources */,
				09C3D6712D3087E9008C8377 /* Embed Foundation Extensions */,
			);
			buildRules = (
			);
			dependencies = (
				09C3D66B2D3087E9008C8377 /* PBXTargetDependency */,
			);
			fileSystemSynchronizedGroups = (
				096FFA0C2D00EED6002DD067 /* SwiftUIProject */,
			);
			name = SwiftUIProject;
			packageProductDependencies = (
				09EEF2912D389EA1005CC4BE /* FirebaseAnalytics */,
				09EEF2932D389EA1005CC4BE /* FirebaseAuth */,
				09EEF2952D389EA1005CC4BE /* FirebaseDatabase */,
				09EEF2972D389EA1005CC4BE /* FirebaseFirestore */,
				09EEF2992D389EA1005CC4BE /* FirebaseStorage */,
			);
			productName = SwiftUIProject;
			productReference = 096FFA0A2D00EED6002DD067 /* SwiftUIProject.app */;
			productType = "com.apple.product-type.application";
		};
		096FFA192D00EEDE002DD067 /* SwiftUIProjectTests */ = {
			isa = PBXNativeTarget;
			buildConfigurationList = 096FFA312D00EEDE002DD067 /* Build configuration list for PBXNativeTarget "SwiftUIProjectTests" */;
			buildPhases = (
				096FFA162D00EEDE002DD067 /* Sources */,
				096FFA172D00EEDE002DD067 /* Frameworks */,
				096FFA182D00EEDE002DD067 /* Resources */,
			);
			buildRules = (
			);
			dependencies = (
				096FFA1C2D00EEDE002DD067 /* PBXTargetDependency */,
			);
			fileSystemSynchronizedGroups = (
				096FFA1D2D00EEDE002DD067 /* SwiftUIProjectTests */,
			);
			name = SwiftUIProjectTests;
			packageProductDependencies = (
			);
			productName = SwiftUIProjectTests;
			productReference = 096FFA1A2D00EEDE002DD067 /* SwiftUIProjectTests.xctest */;
			productType = "com.apple.product-type.bundle.unit-test";
		};
		096FFA232D00EEDE002DD067 /* SwiftUIProjectUITests */ = {
			isa = PBXNativeTarget;
			buildConfigurationList = 096FFA342D00EEDE002DD067 /* Build configuration list for PBXNativeTarget "SwiftUIProjectUITests" */;
			buildPhases = (
				096FFA202D00EEDE002DD067 /* Sources */,
				096FFA212D00EEDE002DD067 /* Frameworks */,
				096FFA222D00EEDE002DD067 /* Resources */,
			);
			buildRules = (
			);
			dependencies = (
				096FFA262D00EEDE002DD067 /* PBXTargetDependency */,
			);
			fileSystemSynchronizedGroups = (
				096FFA272D00EEDE002DD067 /* SwiftUIProjectUITests */,
			);
			name = SwiftUIProjectUITests;
			packageProductDependencies = (
			);
			productName = SwiftUIProjectUITests;
			productReference = 096FFA242D00EEDE002DD067 /* SwiftUIProjectUITests.xctest */;
			productType = "com.apple.product-type.bundle.ui-testing";
		};
		09C3D6572D3087E3008C8377 /* WidgetSampleExtension */ = {
			isa = PBXNativeTarget;
			buildConfigurationList = 09C3D66E2D3087E9008C8377 /* Build configuration list for PBXNativeTarget "WidgetSampleExtension" */;
			buildPhases = (
				09C3D6542D3087E3008C8377 /* Sources */,
				09C3D6552D3087E3008C8377 /* Frameworks */,
				09C3D6562D3087E3008C8377 /* Resources */,
			);
			buildRules = (
			);
			dependencies = (
			);
			fileSystemSynchronizedGroups = (
				09C3D65E2D3087E3008C8377 /* WidgetSample */,
			);
			name = WidgetSampleExtension;
			packageProductDependencies = (
			);
			productName = WidgetSampleExtension;
			productReference = 09C3D6582D3087E3008C8377 /* WidgetSampleExtension.appex */;
			productType = "com.apple.product-type.app-extension";
		};
/* End PBXNativeTarget section */

/* Begin PBXProject section */
		096FFA022D00EED6002DD067 /* Project object */ = {
			isa = PBXProject;
			attributes = {
				BuildIndependentTargetsInParallel = 1;
				LastSwiftUpdateCheck = 1610;
				LastUpgradeCheck = 1610;
				TargetAttributes = {
					096FFA092D00EED6002DD067 = {
						CreatedOnToolsVersion = 16.1;
					};
					096FFA192D00EEDE002DD067 = {
						CreatedOnToolsVersion = 16.1;
						TestTargetID = 096FFA092D00EED6002DD067;
					};
					096FFA232D00EEDE002DD067 = {
						CreatedOnToolsVersion = 16.1;
						TestTargetID = 096FFA092D00EED6002DD067;
					};
					09C3D6572D3087E3008C8377 = {
						CreatedOnToolsVersion = 16.1;
					};
				};
			};
			buildConfigurationList = 096FFA052D00EED6002DD067 /* Build configuration list for PBXProject "SwiftUIProject" */;
			developmentRegion = en;
			hasScannedForEncodings = 0;
			knownRegions = (
				en,
				Base,
			);
			mainGroup = 096FFA012D00EED6002DD067;
			minimizedProjectReferenceProxies = 1;
			packageReferences = (
				09EEF2902D389EA1005CC4BE /* XCRemoteSwiftPackageReference "firebase-ios-sdk" */,
			);
			preferredProjectObjectVersion = 77;
			productRefGroup = 096FFA0B2D00EED6002DD067 /* Products */;
			projectDirPath = "";
			projectRoot = "";
			targets = (
				096FFA092D00EED6002DD067 /* SwiftUIProject */,
				096FFA192D00EEDE002DD067 /* SwiftUIProjectTests */,
				096FFA232D00EEDE002DD067 /* SwiftUIProjectUITests */,
				09C3D6572D3087E3008C8377 /* WidgetSampleExtension */,
			);
		};
/* End PBXProject section */

/* Begin PBXResourcesBuildPhase section */
		096FFA082D00EED6002DD067 /* Resources */ = {
			isa = PBXResourcesBuildPhase;
			buildActionMask = 2147483647;
			files = (
			);
			runOnlyForDeploymentPostprocessing = 0;
		};
		096FFA182D00EEDE002DD067 /* Resources */ = {
			isa = PBXResourcesBuildPhase;
			buildActionMask = 2147483647;
			files = (
			);
			runOnlyForDeploymentPostprocessing = 0;
		};
		096FFA222D00EEDE002DD067 /* Resources */ = {
			isa = PBXResourcesBuildPhase;
			buildActionMask = 2147483647;
			files = (
			);
			runOnlyForDeploymentPostprocessing = 0;
		};
		09C3D6562D3087E3008C8377 /* Resources */ = {
			isa = PBXResourcesBuildPhase;
			buildActionMask = 2147483647;
			files = (
			);
			runOnlyForDeploymentPostprocessing = 0;
		};
/* End PBXResourcesBuildPhase section */

/* Begin PBXSourcesBuildPhase section */
		096FFA062D00EED6002DD067 /* Sources */ = {
			isa = PBXSourcesBuildPhase;
			buildActionMask = 2147483647;
			files = (
			);
			runOnlyForDeploymentPostprocessing = 0;
		};
		096FFA162D00EEDE002DD067 /* Sources */ = {
			isa = PBXSourcesBuildPhase;
			buildActionMask = 2147483647;
			files = (
			);
			runOnlyForDeploymentPostprocessing = 0;
		};
		096FFA202D00EEDE002DD067 /* Sources */ = {
			isa = PBXSourcesBuildPhase;
			buildActionMask = 2147483647;
			files = (
			);
			runOnlyForDeploymentPostprocessing = 0;
		};
		09C3D6542D3087E3008C8377 /* Sources */ = {
			isa = PBXSourcesBuildPhase;
			buildActionMask = 2147483647;
			files = (
			);
			runOnlyForDeploymentPostprocessing = 0;
		};
/* End PBXSourcesBuildPhase section */

/* Begin PBXTargetDependency section */
		096FFA1C2D00EEDE002DD067 /* PBXTargetDependency */ = {
			isa = PBXTargetDependency;
			target = 096FFA092D00EED6002DD067 /* SwiftUIProject */;
			targetProxy = 096FFA1B2D00EEDE002DD067 /* PBXContainerItemProxy */;
		};
		096FFA262D00EEDE002DD067 /* PBXTargetDependency */ = {
			isa = PBXTargetDependency;
			target = 096FFA092D00EED6002DD067 /* SwiftUIProject */;
			targetProxy = 096FFA252D00EEDE002DD067 /* PBXContainerItemProxy */;
		};
		09C3D66B2D3087E9008C8377 /* PBXTargetDependency */ = {
			isa = PBXTargetDependency;
			target = 09C3D6572D3087E3008C8377 /* WidgetSampleExtension */;
			targetProxy = 09C3D66A2D3087E9008C8377 /* PBXContainerItemProxy */;
		};
/* End PBXTargetDependency section */

/* Begin XCBuildConfiguration section */
		096FFA2C2D00EEDE002DD067 /* Debug */ = {
			isa = XCBuildConfiguration;
			buildSettings = {
				ALWAYS_SEARCH_USER_PATHS = NO;
				ASSETCATALOG_COMPILER_GENERATE_SWIFT_ASSET_SYMBOL_EXTENSIONS = YES;
				CLANG_ANALYZER_NONNULL = YES;
				CLANG_ANALYZER_NUMBER_OBJECT_CONVERSION = YES_AGGRESSIVE;
				CLANG_CXX_LANGUAGE_STANDARD = "gnu++20";
				CLANG_ENABLE_MODULES = YES;
				CLANG_ENABLE_OBJC_ARC = YES;
				CLANG_ENABLE_OBJC_WEAK = YES;
				CLANG_WARN_BLOCK_CAPTURE_AUTORELEASING = YES;
				CLANG_WARN_BOOL_CONVERSION = YES;
				CLANG_WARN_COMMA = YES;
				CLANG_WARN_CONSTANT_CONVERSION = YES;
				CLANG_WARN_DEPRECATED_OBJC_IMPLEMENTATIONS = YES;
				CLANG_WARN_DIRECT_OBJC_ISA_USAGE = YES_ERROR;
				CLANG_WARN_DOCUMENTATION_COMMENTS = YES;
				CLANG_WARN_EMPTY_BODY = YES;
				CLANG_WARN_ENUM_CONVERSION = YES;
				CLANG_WARN_INFINITE_RECURSION = YES;
				CLANG_WARN_INT_CONVERSION = YES;
				CLANG_WARN_NON_LITERAL_NULL_CONVERSION = YES;
				CLANG_WARN_OBJC_IMPLICIT_RETAIN_SELF = YES;
				CLANG_WARN_OBJC_LITERAL_CONVERSION = YES;
				CLANG_WARN_OBJC_ROOT_CLASS = YES_ERROR;
				CLANG_WARN_QUOTED_INCLUDE_IN_FRAMEWORK_HEADER = YES;
				CLANG_WARN_RANGE_LOOP_ANALYSIS = YES;
				CLANG_WARN_STRICT_PROTOTYPES = YES;
				CLANG_WARN_SUSPICIOUS_MOVE = YES;
				CLANG_WARN_UNGUARDED_AVAILABILITY = YES_AGGRESSIVE;
				CLANG_WARN_UNREACHABLE_CODE = YES;
				CLANG_WARN__DUPLICATE_METHOD_MATCH = YES;
				COPY_PHASE_STRIP = NO;
				DEBUG_INFORMATION_FORMAT = dwarf;
				ENABLE_STRICT_OBJC_MSGSEND = YES;
				ENABLE_TESTABILITY = YES;
				ENABLE_USER_SCRIPT_SANDBOXING = YES;
				GCC_C_LANGUAGE_STANDARD = gnu17;
				GCC_DYNAMIC_NO_PIC = NO;
				GCC_NO_COMMON_BLOCKS = YES;
				GCC_OPTIMIZATION_LEVEL = 0;
				GCC_PREPROCESSOR_DEFINITIONS = (
					"DEBUG=1",
					"$(inherited)",
				);
				GCC_WARN_64_TO_32_BIT_CONVERSION = YES;
				GCC_WARN_ABOUT_RETURN_TYPE = YES_ERROR;
				GCC_WARN_UNDECLARED_SELECTOR = YES;
				GCC_WARN_UNINITIALIZED_AUTOS = YES_AGGRESSIVE;
				GCC_WARN_UNUSED_FUNCTION = YES;
				GCC_WARN_UNUSED_VARIABLE = YES;
				IPHONEOS_DEPLOYMENT_TARGET = 18.1;
				LOCALIZATION_PREFERS_STRING_CATALOGS = YES;
				MTL_ENABLE_DEBUG_INFO = INCLUDE_SOURCE;
				MTL_FAST_MATH = YES;
				ONLY_ACTIVE_ARCH = YES;
				SDKROOT = iphoneos;
				SWIFT_ACTIVE_COMPILATION_CONDITIONS = "DEBUG $(inherited)";
				SWIFT_OPTIMIZATION_LEVEL = "-Onone";
			};
			name = Debug;
		};
		096FFA2D2D00EEDE002DD067 /* Release */ = {
			isa = XCBuildConfiguration;
			buildSettings = {
				ALWAYS_SEARCH_USER_PATHS = NO;
				ASSETCATALOG_COMPILER_GENERATE_SWIFT_ASSET_SYMBOL_EXTENSIONS = YES;
				CLANG_ANALYZER_NONNULL = YES;
				CLANG_ANALYZER_NUMBER_OBJECT_CONVERSION = YES_AGGRESSIVE;
				CLANG_CXX_LANGUAGE_STANDARD = "gnu++20";
				CLANG_ENABLE_MODULES = YES;
				CLANG_ENABLE_OBJC_ARC = YES;
				CLANG_ENABLE_OBJC_WEAK = YES;
				CLANG_WARN_BLOCK_CAPTURE_AUTORELEASING = YES;
				CLANG_WARN_BOOL_CONVERSION = YES;
				CLANG_WARN_COMMA = YES;
				CLANG_WARN_CONSTANT_CONVERSION = YES;
				CLANG_WARN_DEPRECATED_OBJC_IMPLEMENTATIONS = YES;
				CLANG_WARN_DIRECT_OBJC_ISA_USAGE = YES_ERROR;
				CLANG_WARN_DOCUMENTATION_COMMENTS = YES;
				CLANG_WARN_EMPTY_BODY = YES;
				CLANG_WARN_ENUM_CONVERSION = YES;
				CLANG_WARN_INFINITE_RECURSION = YES;
				CLANG_WARN_INT_CONVERSION = YES;
				CLANG_WARN_NON_LITERAL_NULL_CONVERSION = YES;
				CLANG_WARN_OBJC_IMPLICIT_RETAIN_SELF = YES;
				CLANG_WARN_OBJC_LITERAL_CONVERSION = YES;
				CLANG_WARN_OBJC_ROOT_CLASS = YES_ERROR;
				CLANG_WARN_QUOTED_INCLUDE_IN_FRAMEWORK_HEADER = YES;
				CLANG_WARN_RANGE_LOOP_ANALYSIS = YES;
				CLANG_WARN_STRICT_PROTOTYPES = YES;
				CLANG_WARN_SUSPICIOUS_MOVE = YES;
				CLANG_WARN_UNGUARDED_AVAILABILITY = YES_AGGRESSIVE;
				CLANG_WARN_UNREACHABLE_CODE = YES;
				CLANG_WARN__DUPLICATE_METHOD_MATCH = YES;
				COPY_PHASE_STRIP = NO;
				DEBUG_INFORMATION_FORMAT = "dwarf-with-dsym";
				ENABLE_NS_ASSERTIONS = NO;
				ENABLE_STRICT_OBJC_MSGSEND = YES;
				ENABLE_USER_SCRIPT_SANDBOXING = YES;
				GCC_C_LANGUAGE_STANDARD = gnu17;
				GCC_NO_COMMON_BLOCKS = YES;
				GCC_WARN_64_TO_32_BIT_CONVERSION = YES;
				GCC_WARN_ABOUT_RETURN_TYPE = YES_ERROR;
				GCC_WARN_UNDECLARED_SELECTOR = YES;
				GCC_WARN_UNINITIALIZED_AUTOS = YES_AGGRESSIVE;
				GCC_WARN_UNUSED_FUNCTION = YES;
				GCC_WARN_UNUSED_VARIABLE = YES;
				IPHONEOS_DEPLOYMENT_TARGET = 18.1;
				LOCALIZATION_PREFERS_STRING_CATALOGS = YES;
				MTL_ENABLE_DEBUG_INFO = NO;
				MTL_FAST_MATH = YES;
				SDKROOT = iphoneos;
				SWIFT_COMPILATION_MODE = wholemodule;
				VALIDATE_PRODUCT = YES;
			};
			name = Release;
		};
		096FFA2F2D00EEDE002DD067 /* Debug */ = {
			isa = XCBuildConfiguration;
			buildSettings = {
				ASSETCATALOG_COMPILER_APPICON_NAME = AppIcon;
				ASSETCATALOG_COMPILER_GLOBAL_ACCENT_COLOR_NAME = AccentColor;
				CODE_SIGN_ENTITLEMENTS = SwiftUIProject/SwiftUIProject.entitlements;
				CODE_SIGN_STYLE = Automatic;
				CURRENT_PROJECT_VERSION = 1;
				DEVELOPMENT_ASSET_PATHS = "\"SwiftUIProject/Preview Content\"";
				DEVELOPMENT_TEAM = 936KWG99NH;
				ENABLE_PREVIEWS = YES;
				GENERATE_INFOPLIST_FILE = YES;
				INFOPLIST_FILE = SwiftUIProject/Info.plist;
				INFOPLIST_KEY_UIApplicationSceneManifest_Generation = YES;
				INFOPLIST_KEY_UIApplicationSupportsIndirectInputEvents = YES;
				INFOPLIST_KEY_UILaunchScreen_Generation = YES;
				INFOPLIST_KEY_UISupportedInterfaceOrientations_iPad = "UIInterfaceOrientationPortrait UIInterfaceOrientationPortraitUpsideDown UIInterfaceOrientationLandscapeLeft UIInterfaceOrientationLandscapeRight";
				INFOPLIST_KEY_UISupportedInterfaceOrientations_iPhone = "UIInterfaceOrientationPortrait UIInterfaceOrientationLandscapeLeft UIInterfaceOrientationLandscapeRight";
				LD_RUNPATH_SEARCH_PATHS = (
					"$(inherited)",
					"@executable_path/Frameworks",
				);
				MARKETING_VERSION = 1.0;
				PRODUCT_BUNDLE_IDENTIFIER = com.project.SwiftUIProject;
				PRODUCT_NAME = "$(TARGET_NAME)";
				SWIFT_EMIT_LOC_STRINGS = YES;
				SWIFT_VERSION = 5.0;
				TARGETED_DEVICE_FAMILY = "1,2";
			};
			name = Debug;
		};
		096FFA302D00EEDE002DD067 /* Release */ = {
			isa = XCBuildConfiguration;
			buildSettings = {
				ASSETCATALOG_COMPILER_APPICON_NAME = AppIcon;
				ASSETCATALOG_COMPILER_GLOBAL_ACCENT_COLOR_NAME = AccentColor;
				CODE_SIGN_ENTITLEMENTS = SwiftUIProject/SwiftUIProject.entitlements;
				CODE_SIGN_STYLE = Automatic;
				CURRENT_PROJECT_VERSION = 1;
				DEVELOPMENT_ASSET_PATHS = "\"SwiftUIProject/Preview Content\"";
				DEVELOPMENT_TEAM = 936KWG99NH;
				ENABLE_PREVIEWS = YES;
				GENERATE_INFOPLIST_FILE = YES;
				INFOPLIST_FILE = SwiftUIProject/Info.plist;
				INFOPLIST_KEY_UIApplicationSceneManifest_Generation = YES;
				INFOPLIST_KEY_UIApplicationSupportsIndirectInputEvents = YES;
				INFOPLIST_KEY_UILaunchScreen_Generation = YES;
				INFOPLIST_KEY_UISupportedInterfaceOrientations_iPad = "UIInterfaceOrientationPortrait UIInterfaceOrientationPortraitUpsideDown UIInterfaceOrientationLandscapeLeft UIInterfaceOrientationLandscapeRight";
				INFOPLIST_KEY_UISupportedInterfaceOrientations_iPhone = "UIInterfaceOrientationPortrait UIInterfaceOrientationLandscapeLeft UIInterfaceOrientationLandscapeRight";
				LD_RUNPATH_SEARCH_PATHS = (
					"$(inherited)",
					"@executable_path/Frameworks",
				);
				MARKETING_VERSION = 1.0;
				PRODUCT_BUNDLE_IDENTIFIER = com.project.SwiftUIProject;
				PRODUCT_NAME = "$(TARGET_NAME)";
				SWIFT_EMIT_LOC_STRINGS = YES;
				SWIFT_VERSION = 5.0;
				TARGETED_DEVICE_FAMILY = "1,2";
			};
			name = Release;
		};
		096FFA322D00EEDE002DD067 /* Debug */ = {
			isa = XCBuildConfiguration;
			buildSettings = {
				BUNDLE_LOADER = "$(TEST_HOST)";
				CODE_SIGN_STYLE = Automatic;
				CURRENT_PROJECT_VERSION = 1;
				DEVELOPMENT_TEAM = 936KWG99NH;
				GENERATE_INFOPLIST_FILE = YES;
				IPHONEOS_DEPLOYMENT_TARGET = 18.1;
				MARKETING_VERSION = 1.0;
				PRODUCT_BUNDLE_IDENTIFIER = com.project.SwiftUIProjectTests;
				PRODUCT_NAME = "$(TARGET_NAME)";
				SWIFT_EMIT_LOC_STRINGS = NO;
				SWIFT_VERSION = 5.0;
				TARGETED_DEVICE_FAMILY = "1,2";
				TEST_HOST = "$(BUILT_PRODUCTS_DIR)/SwiftUIProject.app/$(BUNDLE_EXECUTABLE_FOLDER_PATH)/SwiftUIProject";
			};
			name = Debug;
		};
		096FFA332D00EEDE002DD067 /* Release */ = {
			isa = XCBuildConfiguration;
			buildSettings = {
				BUNDLE_LOADER = "$(TEST_HOST)";
				CODE_SIGN_STYLE = Automatic;
				CURRENT_PROJECT_VERSION = 1;
				DEVELOPMENT_TEAM = 936KWG99NH;
				GENERATE_INFOPLIST_FILE = YES;
				IPHONEOS_DEPLOYMENT_TARGET = 18.1;
				MARKETING_VERSION = 1.0;
				PRODUCT_BUNDLE_IDENTIFIER = com.project.SwiftUIProjectTests;
				PRODUCT_NAME = "$(TARGET_NAME)";
				SWIFT_EMIT_LOC_STRINGS = NO;
				SWIFT_VERSION = 5.0;
				TARGETED_DEVICE_FAMILY = "1,2";
				TEST_HOST = "$(BUILT_PRODUCTS_DIR)/SwiftUIProject.app/$(BUNDLE_EXECUTABLE_FOLDER_PATH)/SwiftUIProject";
			};
			name = Release;
		};
		096FFA352D00EEDE002DD067 /* Debug */ = {
			isa = XCBuildConfiguration;
			buildSettings = {
				CODE_SIGN_STYLE = Automatic;
				CURRENT_PROJECT_VERSION = 1;
				DEVELOPMENT_TEAM = 936KWG99NH;
				GENERATE_INFOPLIST_FILE = YES;
				MARKETING_VERSION = 1.0;
				PRODUCT_BUNDLE_IDENTIFIER = com.project.SwiftUIProjectUITests;
				PRODUCT_NAME = "$(TARGET_NAME)";
				SWIFT_EMIT_LOC_STRINGS = NO;
				SWIFT_VERSION = 5.0;
				TARGETED_DEVICE_FAMILY = "1,2";
				TEST_TARGET_NAME = SwiftUIProject;
			};
			name = Debug;
		};
		096FFA362D00EEDE002DD067 /* Release */ = {
			isa = XCBuildConfiguration;
			buildSettings = {
				CODE_SIGN_STYLE = Automatic;
				CURRENT_PROJECT_VERSION = 1;
				DEVELOPMENT_TEAM = 936KWG99NH;
				GENERATE_INFOPLIST_FILE = YES;
				MARKETING_VERSION = 1.0;
				PRODUCT_BUNDLE_IDENTIFIER = com.project.SwiftUIProjectUITests;
				PRODUCT_NAME = "$(TARGET_NAME)";
				SWIFT_EMIT_LOC_STRINGS = NO;
				SWIFT_VERSION = 5.0;
				TARGETED_DEVICE_FAMILY = "1,2";
				TEST_TARGET_NAME = SwiftUIProject;
			};
			name = Release;
		};
		09C3D66F2D3087E9008C8377 /* Debug */ = {
			isa = XCBuildConfiguration;
			buildSettings = {
				ASSETCATALOG_COMPILER_GLOBAL_ACCENT_COLOR_NAME = AccentColor;
				ASSETCATALOG_COMPILER_WIDGET_BACKGROUND_COLOR_NAME = WidgetBackground;
				CODE_SIGN_STYLE = Automatic;
				CURRENT_PROJECT_VERSION = 1;
				DEVELOPMENT_TEAM = 936KWG99NH;
				GENERATE_INFOPLIST_FILE = YES;
				INFOPLIST_FILE = WidgetSample/Info.plist;
				INFOPLIST_KEY_CFBundleDisplayName = WidgetSample;
				INFOPLIST_KEY_NSHumanReadableCopyright = "";
				LD_RUNPATH_SEARCH_PATHS = (
					"$(inherited)",
					"@executable_path/Frameworks",
					"@executable_path/../../Frameworks",
				);
				MARKETING_VERSION = 1.0;
				PRODUCT_BUNDLE_IDENTIFIER = com.project.SwiftUIProject.WidgetSample;
				PRODUCT_NAME = "$(TARGET_NAME)";
				SKIP_INSTALL = YES;
				SWIFT_EMIT_LOC_STRINGS = YES;
				SWIFT_VERSION = 5.0;
				TARGETED_DEVICE_FAMILY = "1,2";
			};
			name = Debug;
		};
		09C3D6702D3087E9008C8377 /* Release */ = {
			isa = XCBuildConfiguration;
			buildSettings = {
				ASSETCATALOG_COMPILER_GLOBAL_ACCENT_COLOR_NAME = AccentColor;
				ASSETCATALOG_COMPILER_WIDGET_BACKGROUND_COLOR_NAME = WidgetBackground;
				CODE_SIGN_STYLE = Automatic;
				CURRENT_PROJECT_VERSION = 1;
				DEVELOPMENT_TEAM = 936KWG99NH;
				GENERATE_INFOPLIST_FILE = YES;
				INFOPLIST_FILE = WidgetSample/Info.plist;
				INFOPLIST_KEY_CFBundleDisplayName = WidgetSample;
				INFOPLIST_KEY_NSHumanReadableCopyright = "";
				LD_RUNPATH_SEARCH_PATHS = (
					"$(inherited)",
					"@executable_path/Frameworks",
					"@executable_path/../../Frameworks",
				);
				MARKETING_VERSION = 1.0;
				PRODUCT_BUNDLE_IDENTIFIER = com.project.SwiftUIProject.WidgetSample;
				PRODUCT_NAME = "$(TARGET_NAME)";
				SKIP_INSTALL = YES;
				SWIFT_EMIT_LOC_STRINGS = YES;
				SWIFT_VERSION = 5.0;
				TARGETED_DEVICE_FAMILY = "1,2";
			};
			name = Release;
		};
/* End XCBuildConfiguration section */

/* Begin XCConfigurationList section */
		096FFA052D00EED6002DD067 /* Build configuration list for PBXProject "SwiftUIProject" */ = {
			isa = XCConfigurationList;
			buildConfigurations = (
				096FFA2C2D00EEDE002DD067 /* Debug */,
				096FFA2D2D00EEDE002DD067 /* Release */,
			);
			defaultConfigurationIsVisible = 0;
			defaultConfigurationName = Release;
		};
		096FFA2E2D00EEDE002DD067 /* Build configuration list for PBXNativeTarget "SwiftUIProject" */ = {
			isa = XCConfigurationList;
			buildConfigurations = (
				096FFA2F2D00EEDE002DD067 /* Debug */,
				096FFA302D00EEDE002DD067 /* Release */,
			);
			defaultConfigurationIsVisible = 0;
			defaultConfigurationName = Release;
		};
		096FFA312D00EEDE002DD067 /* Build configuration list for PBXNativeTarget "SwiftUIProjectTests" */ = {
			isa = XCConfigurationList;
			buildConfigurations = (
				096FFA322D00EEDE002DD067 /* Debug */,
				096FFA332D00EEDE002DD067 /* Release */,
			);
			defaultConfigurationIsVisible = 0;
			defaultConfigurationName = Release;
		};
		096FFA342D00EEDE002DD067 /* Build configuration list for PBXNativeTarget "SwiftUIProjectUITests" */ = {
			isa = XCConfigurationList;
			buildConfigurations = (
				096FFA352D00EEDE002DD067 /* Debug */,
				096FFA362D00EEDE002DD067 /* Release */,
			);
			defaultConfigurationIsVisible = 0;
			defaultConfigurationName = Release;
		};
		09C3D66E2D3087E9008C8377 /* Build configuration list for PBXNativeTarget "WidgetSampleExtension" */ = {
			isa = XCConfigurationList;
			buildConfigurations = (
				09C3D66F2D3087E9008C8377 /* Debug */,
				09C3D6702D3087E9008C8377 /* Release */,
			);
			defaultConfigurationIsVisible = 0;
			defaultConfigurationName = Release;
		};
/* End XCConfigurationList section */

/* Begin XCRemoteSwiftPackageReference section */
		09EEF2902D389EA1005CC4BE /* XCRemoteSwiftPackageReference "firebase-ios-sdk" */ = {
			isa = XCRemoteSwiftPackageReference;
			repositoryURL = "https://github.com/firebase/firebase-ios-sdk";
			requirement = {
				kind = upToNextMajorVersion;
				minimumVersion = 11.7.0;
			};
		};
/* End XCRemoteSwiftPackageReference section */

/* Begin XCSwiftPackageProductDependency section */
		09EEF2912D389EA1005CC4BE /* FirebaseAnalytics */ = {
			isa = XCSwiftPackageProductDependency;
			package = 09EEF2902D389EA1005CC4BE /* XCRemoteSwiftPackageReference "firebase-ios-sdk" */;
			productName = FirebaseAnalytics;
		};
		09EEF2932D389EA1005CC4BE /* FirebaseAuth */ = {
			isa = XCSwiftPackageProductDependency;
			package = 09EEF2902D389EA1005CC4BE /* XCRemoteSwiftPackageReference "firebase-ios-sdk" */;
			productName = FirebaseAuth;
		};
		09EEF2952D389EA1005CC4BE /* FirebaseDatabase */ = {
			isa = XCSwiftPackageProductDependency;
			package = 09EEF2902D389EA1005CC4BE /* XCRemoteSwiftPackageReference "firebase-ios-sdk" */;
			productName = FirebaseDatabase;
		};
		09EEF2972D389EA1005CC4BE /* FirebaseFirestore */ = {
			isa = XCSwiftPackageProductDependency;
			package = 09EEF2902D389EA1005CC4BE /* XCRemoteSwiftPackageReference "firebase-ios-sdk" */;
			productName = FirebaseFirestore;
		};
		09EEF2992D389EA1005CC4BE /* FirebaseStorage */ = {
			isa = XCSwiftPackageProductDependency;
			package = 09EEF2902D389EA1005CC4BE /* XCRemoteSwiftPackageReference "firebase-ios-sdk" */;
			productName = FirebaseStorage;
		};
/* End XCSwiftPackageProductDependency section */
	};
	rootObject = 096FFA022D00EED6002DD067 /* Project object */;
}
